
Microsoft Visual Studio Solution File, Format Version 12.00
# Visual Studio 15
VisualStudioVersion = 15.0.27703.2035
MinimumVisualStudioVersion = 10.0.40219.1
Project("{9A19103F-16F7-4668-BE54-9A1E7A4F7556}") = "ServiceHoster", "ServiceHoster\ServiceHoster.csproj", "{8345BDB8-407C-4826-9667-B8316B9BA71F}"
EndProject
Project("{2150E333-8FDC-42A3-9474-1A3956D46DE8}") = "Solution Items", "Solution Items", "{0AA15437-310F-463B-9054-5456FD9FCB83}"
	ProjectSection(SolutionItems) = preProject
		build.cake = build.cake
	EndProjectSection
EndProject
Global
	GlobalSection(SolutionConfigurationPlatforms) = preSolution
		Debug|Any CPU = Debug|Any CPU
		Release|Any CPU = Release|Any CPU
	EndGlobalSection
	GlobalSection(ProjectConfigurationPlatforms) = postSolution
		{8345BDB8-407C-4826-9667-B8316B9BA71F}.Debug|Any CPU.ActiveCfg = Debug|Any CPU
		{8345BDB8-407C-4826-9667-B8316B9BA71F}.Debug|Any CPU.Build.0 = Debug|Any CPU
		{8345BDB8-407C-4826-9667-B8316B9BA71F}.Release|Any CPU.ActiveCfg = Release|Any CPU
		{8345BDB8-407C-4826-9667-B8316B9BA71F}.Release|Any CPU.Build.0 = Release|Any CPU
	EndGlobalSection
	GlobalSection(SolutionProperties) = preSolution
		HideSolutionNode = FALSE
	EndGlobalSection
	GlobalSection(ExtensibilityGlobals) = postSolution
		SolutionGuid = {625DBEBA-B8E5-460B-A4A6-86B67F345AE0}
	EndGlobalSection
EndGlobal
